
Microsoft Visual Studio Solution File, Format Version 12.00
# Visual Studio Version 17
VisualStudioVersion = 17.0.32112.339
MinimumVisualStudioVersion = 10.0.40219.1
Project("{9A19103F-16F7-4668-BE54-9A1E7A4F7556}") = "sample.ui", "sample.ui\sample.ui.csproj", "{C5DDB573-3264-45F3-A14E-F7CDAFE7F208}"
EndProject
Global
	GlobalSection(SolutionConfigurationPlatforms) = preSolution
		Debug|Any CPU = Debug|Any CPU
		Release|Any CPU = Release|Any CPU
	EndGlobalSection
	GlobalSection(ProjectConfigurationPlatforms) = postSolution
		{C5DDB573-3264-45F3-A14E-F7CDAFE7F208}.Debug|Any CPU.ActiveCfg = Debug|Any CPU
		{C5DDB573-3264-45F3-A14E-F7CDAFE7F208}.Debug|Any CPU.Build.0 = Debug|Any CPU
		{C5DDB573-3264-45F3-A14E-F7CDAFE7F208}.Release|Any CPU.ActiveCfg = Release|Any CPU
		{C5DDB573-3264-45F3-A14E-F7CDAFE7F208}.Release|Any CPU.Build.0 = Release|Any CPU
	EndGlobalSection
	GlobalSection(SolutionProperties) = preSolution
		HideSolutionNode = FALSE
	EndGlobalSection
	GlobalSection(ExtensibilityGlobals) = postSolution
		SolutionGuid = {8C2F3A53-55F7-44D6-BFF5-0E58262A467F}
	EndGlobalSection
EndGlobal
